
Microsoft Visual Studio Solution File, Format Version 12.00
# Visual Studio Version 17
VisualStudioVersion = 17.0.32112.339
MinimumVisualStudioVersion = 10.0.40219.1
Project("{FAE04EC0-301F-11D3-BF4B-00C04F79EFBC}") = "ClientCognito.Client", "ClientCognito.Client\ClientCognito.Client.csproj", "{B2E86E91-DE6F-4186-8D8D-6370AA468997}"
EndProject
Global
	GlobalSection(SolutionConfigurationPlatforms) = preSolution
		Debug|Any CPU = Debug|Any CPU
		Release|Any CPU = Release|Any CPU
	EndGlobalSection
	GlobalSection(ProjectConfigurationPlatforms) = postSolution
		{B2E86E91-DE6F-4186-8D8D-6370AA468997}.Debug|Any CPU.ActiveCfg = Debug|Any CPU
		{B2E86E91-DE6F-4186-8D8D-6370AA468997}.Debug|Any CPU.Build.0 = Debug|Any CPU
		{B2E86E91-DE6F-4186-8D8D-6370AA468997}.Release|Any CPU.ActiveCfg = Release|Any CPU
		{B2E86E91-DE6F-4186-8D8D-6370AA468997}.Release|Any CPU.Build.0 = Release|Any CPU
	EndGlobalSection
	GlobalSection(SolutionProperties) = preSolution
		HideSolutionNode = FALSE
	EndGlobalSection
	GlobalSection(ExtensibilityGlobals) = postSolution
		SolutionGuid = {C7616B6A-C38D-4E63-BA9D-C13B6487023B}
	EndGlobalSection
EndGlobal
